// !$*UTF8*$!
{
	archiveVersion = 1;
	classes = {
	};
	objectVersion = 46;
	objects = {

/* Begin PBXBuildFile section */
		14CFEBF41E3430C600BD46CF /* LaunchScreen.storyboard in Resources */ = {isa = PBXBuildFile; fileRef = 14CFEBF21E3430C600BD46CF /* LaunchScreen.storyboard */; };
		14CFEBFF1E3431F700BD46CF /* AppDelegate.swift in Sources */ = {isa = PBXBuildFile; fileRef = 14CFEBFC1E3431F700BD46CF /* AppDelegate.swift */; };
		14CFEC001E3431F700BD46CF /* Assets.xcassets in Resources */ = {isa = PBXBuildFile; fileRef = 14CFEBFD1E3431F700BD46CF /* Assets.xcassets */; };
		14CFEC011E3431F700BD46CF /* Info.plist in Resources */ = {isa = PBXBuildFile; fileRef = 14CFEBFE1E3431F700BD46CF /* Info.plist */; };
/* End PBXBuildFile section */

/* Begin PBXFileReference section */
		14CFEBE61E3430C600BD46CF /* BYT.app */ = {isa = PBXFileReference; explicitFileType = wrapper.application; includeInIndex = 0; path = BYT.app; sourceTree = BUILT_PRODUCTS_DIR; };
		14CFEBF31E3430C600BD46CF /* Base */ = {isa = PBXFileReference; lastKnownFileType = file.storyboard; name = Base; path = Base.lproj/LaunchScreen.storyboard; sourceTree = "<group>"; };
		14CFEBFC1E3431F700BD46CF /* AppDelegate.swift */ = {isa = PBXFileReference; fileEncoding = 4; lastKnownFileType = sourcecode.swift; name = AppDelegate.swift; path = "Supporting Files/AppDelegate.swift"; sourceTree = "<group>"; };
		14CFEBFD1E3431F700BD46CF /* Assets.xcassets */ = {isa = PBXFileReference; lastKnownFileType = folder.assetcatalog; name = Assets.xcassets; path = "Supporting Files/Assets.xcassets"; sourceTree = "<group>"; };
		14CFEBFE1E3431F700BD46CF /* Info.plist */ = {isa = PBXFileReference; fileEncoding = 4; lastKnownFileType = text.plist.xml; name = Info.plist; path = "Supporting Files/Info.plist"; sourceTree = "<group>"; };
/* End PBXFileReference section */

/* Begin PBXFrameworksBuildPhase section */
		14CFEBE31E3430C600BD46CF /* Frameworks */ = {
			isa = PBXFrameworksBuildPhase;
			buildActionMask = 2147483647;
			files = (
			);
			runOnlyForDeploymentPostprocessing = 0;
		};
/* End PBXFrameworksBuildPhase section */

/* Begin PBXGroup section */
		14CFEBDD1E3430C600BD46CF = {
			isa = PBXGroup;
			children = (
				14CFEBE81E3430C600BD46CF /* BYT */,
				14CFEBE71E3430C600BD46CF /* Products */,
			);
			sourceTree = "<group>";
		};
		14CFEBE71E3430C600BD46CF /* Products */ = {
			isa = PBXGroup;
			children = (
				14CFEBE61E3430C600BD46CF /* BYT.app */,
			);
			name = Products;
			sourceTree = "<group>";
		};
		14CFEBE81E3430C600BD46CF /* BYT */ = {
			isa = PBXGroup;
			children = (
				14CFEBFB1E34311000BD46CF /* Supporting Files */,
			);
			path = BYT;
			sourceTree = "<group>";
		};
		14CFEBFB1E34311000BD46CF /* Supporting Files */ = {
			isa = PBXGroup;
			children = (
				14CFEBFC1E3431F700BD46CF /* AppDelegate.swift */,
				14CFEBFD1E3431F700BD46CF /* Assets.xcassets */,
				14CFEBFE1E3431F700BD46CF /* Info.plist */,
				14CFEBF21E3430C600BD46CF /* LaunchScreen.storyboard */,
			);
			name = "Supporting Files";
			sourceTree = "<group>";
		};
/* End PBXGroup section */

/* Begin PBXNativeTarget section */
		14CFEBE51E3430C600BD46CF /* BYT */ = {
			isa = PBXNativeTarget;
			buildConfigurationList = 14CFEBF81E3430C600BD46CF /* Build configuration list for PBXNativeTarget "BYT" */;
			buildPhases = (
				14CFEBE21E3430C600BD46CF /* Sources */,
				14CFEBE31E3430C600BD46CF /* Frameworks */,
				14CFEBE41E3430C600BD46CF /* Resources */,
			);
			buildRules = (
			);
			dependencies = (
			);
			name = BYT;
			productName = BYT;
			productReference = 14CFEBE61E3430C600BD46CF /* BYT.app */;
			productType = "com.apple.product-type.application";
		};
/* End PBXNativeTarget section */

/* Begin PBXProject section */
		14CFEBDE1E3430C600BD46CF /* Project object */ = {
			isa = PBXProject;
			attributes = {
				LastSwiftUpdateCheck = 0820;
				LastUpgradeCheck = 0820;
				ORGANIZATIONNAME = AccessLite;
				TargetAttributes = {
					14CFEBE51E3430C600BD46CF = {
						CreatedOnToolsVersion = 8.2.1;
						ProvisioningStyle = Automatic;
					};
				};
			};
			buildConfigurationList = 14CFEBE11E3430C600BD46CF /* Build configuration list for PBXProject "BYT" */;
			compatibilityVersion = "Xcode 3.2";
			developmentRegion = English;
			hasScannedForEncodings = 0;
			knownRegions = (
				en,
				Base,
			);
			mainGroup = 14CFEBDD1E3430C600BD46CF;
			productRefGroup = 14CFEBE71E3430C600BD46CF /* Products */;
			projectDirPath = "";
			projectRoot = "";
			targets = (
				14CFEBE51E3430C600BD46CF /* BYT */,
			);
		};
/* End PBXProject section */

/* Begin PBXResourcesBuildPhase section */
		14CFEBE41E3430C600BD46CF /* Resources */ = {
			isa = PBXResourcesBuildPhase;
			buildActionMask = 2147483647;
			files = (
				14CFEC011E3431F700BD46CF /* Info.plist in Resources */,
				14CFEBF41E3430C600BD46CF /* LaunchScreen.storyboard in Resources */,
				14CFEC001E3431F700BD46CF /* Assets.xcassets in Resources */,
			);
			runOnlyForDeploymentPostprocessing = 0;
		};
/* End PBXResourcesBuildPhase section */

/* Begin PBXSourcesBuildPhase section */
		14CFEBE21E3430C600BD46CF /* Sources */ = {
			isa = PBXSourcesBuildPhase;
			buildActionMask = 2147483647;
			files = (
				14CFEBFF1E3431F700BD46CF /* AppDelegate.swift in Sources */,
			);
			runOnlyForDeploymentPostprocessing = 0;
		};
/* End PBXSourcesBuildPhase section */

/* Begin PBXVariantGroup section */
		14CFEBF21E3430C600BD46CF /* LaunchScreen.storyboard */ = {
			isa = PBXVariantGroup;
			children = (
				14CFEBF31E3430C600BD46CF /* Base */,
			);
			name = LaunchScreen.storyboard;
			sourceTree = "<group>";
		};
/* End PBXVariantGroup section */

/* Begin XCBuildConfiguration section */
		14CFEBF61E3430C600BD46CF /* Debug */ = {
			isa = XCBuildConfiguration;
			buildSettings = {
				ALWAYS_SEARCH_USER_PATHS = NO;
				CLANG_ANALYZER_NONNULL = YES;
				CLANG_CXX_LANGUAGE_STANDARD = "gnu++0x";
				CLANG_CXX_LIBRARY = "libc++";
				CLANG_ENABLE_MODULES = YES;
				CLANG_ENABLE_OBJC_ARC = YES;
				CLANG_WARN_BOOL_CONVERSION = YES;
				CLANG_WARN_CONSTANT_CONVERSION = YES;
				CLANG_WARN_DIRECT_OBJC_ISA_USAGE = YES_ERROR;
				CLANG_WARN_DOCUMENTATION_COMMENTS = YES;
				CLANG_WARN_EMPTY_BODY = YES;
				CLANG_WARN_ENUM_CONVERSION = YES;
				CLANG_WARN_INFINITE_RECURSION = YES;
				CLANG_WARN_INT_CONVERSION = YES;
				CLANG_WARN_OBJC_ROOT_CLASS = YES_ERROR;
				CLANG_WARN_SUSPICIOUS_MOVE = YES;
				CLANG_WARN_UNREACHABLE_CODE = YES;
				CLANG_WARN__DUPLICATE_METHOD_MATCH = YES;
				"CODE_SIGN_IDENTITY[sdk=iphoneos*]" = "iPhone Developer";
				COPY_PHASE_STRIP = NO;
				DEBUG_INFORMATION_FORMAT = dwarf;
				ENABLE_STRICT_OBJC_MSGSEND = YES;
				ENABLE_TESTABILITY = YES;
				GCC_C_LANGUAGE_STANDARD = gnu99;
				GCC_DYNAMIC_NO_PIC = NO;
				GCC_NO_COMMON_BLOCKS = YES;
				GCC_OPTIMIZATION_LEVEL = 0;
				GCC_PREPROCESSOR_DEFINITIONS = (
					"DEBUG=1",
					"$(inherited)",
				);
				GCC_WARN_64_TO_32_BIT_CONVERSION = YES;
				GCC_WARN_ABOUT_RETURN_TYPE = YES_ERROR;
				GCC_WARN_UNDECLARED_SELECTOR = YES;
				GCC_WARN_UNINITIALIZED_AUTOS = YES_AGGRESSIVE;
				GCC_WARN_UNUSED_FUNCTION = YES;
				GCC_WARN_UNUSED_VARIABLE = YES;
				IPHONEOS_DEPLOYMENT_TARGET = 10.0;
				MTL_ENABLE_DEBUG_INFO = YES;
				ONLY_ACTIVE_ARCH = YES;
				SDKROOT = iphoneos;
				SWIFT_ACTIVE_COMPILATION_CONDITIONS = DEBUG;
				SWIFT_OPTIMIZATION_LEVEL = "-Onone";
			};
			name = Debug;
		};
		14CFEBF71E3430C600BD46CF /* Release */ = {
			isa = XCBuildConfiguration;
			buildSettings = {
				ALWAYS_SEARCH_USER_PATHS = NO;
				CLANG_ANALYZER_NONNULL = YES;
				CLANG_CXX_LANGUAGE_STANDARD = "gnu++0x";
				CLANG_CXX_LIBRARY = "libc++";
				CLANG_ENABLE_MODULES = YES;
				CLANG_ENABLE_OBJC_ARC = YES;
				CLANG_WARN_BOOL_CONVERSION = YES;
				CLANG_WARN_CONSTANT_CONVERSION = YES;
				CLANG_WARN_DIRECT_OBJC_ISA_USAGE = YES_ERROR;
				CLANG_WARN_DOCUMENTATION_COMMENTS = YES;
				CLANG_WARN_EMPTY_BODY = YES;
				CLANG_WARN_ENUM_CONVERSION = YES;
				CLANG_WARN_INFINITE_RECURSION = YES;
				CLANG_WARN_INT_CONVERSION = YES;
				CLANG_WARN_OBJC_ROOT_CLASS = YES_ERROR;
				CLANG_WARN_SUSPICIOUS_MOVE = YES;
				CLANG_WARN_UNREACHABLE_CODE = YES;
				CLANG_WARN__DUPLICATE_METHOD_MATCH = YES;
				"CODE_SIGN_IDENTITY[sdk=iphoneos*]" = "iPhone Developer";
				COPY_PHASE_STRIP = NO;
				DEBUG_INFORMATION_FORMAT = "dwarf-with-dsym";
				ENABLE_NS_ASSERTIONS = NO;
				ENABLE_STRICT_OBJC_MSGSEND = YES;
				GCC_C_LANGUAGE_STANDARD = gnu99;
				GCC_NO_COMMON_BLOCKS = YES;
				GCC_WARN_64_TO_32_BIT_CONVERSION = YES;
				GCC_WARN_ABOUT_RETURN_TYPE = YES_ERROR;
				GCC_WARN_UNDECLARED_SELECTOR = YES;
				GCC_WARN_UNINITIALIZED_AUTOS = YES_AGGRESSIVE;
				GCC_WARN_UNUSED_FUNCTION = YES;
				GCC_WARN_UNUSED_VARIABLE = YES;
				IPHONEOS_DEPLOYMENT_TARGET = 10.0;
				MTL_ENABLE_DEBUG_INFO = NO;
				SDKROOT = iphoneos;
				SWIFT_OPTIMIZATION_LEVEL = "-Owholemodule";
				VALIDATE_PRODUCT = YES;
			};
			name = Release;
		};
		14CFEBF91E3430C600BD46CF /* Debug */ = {
			isa = XCBuildConfiguration;
			buildSettings = {
				ASSETCATALOG_COMPILER_APPICON_NAME = AppIcon;
				INFOPLIST_FILE = "$(SRCROOT)/BYT/Supporting Files/Info.plist";
				IPHONEOS_DEPLOYMENT_TARGET = 10.0;
				LD_RUNPATH_SEARCH_PATHS = "$(inherited) @executable_path/Frameworks";
				PRODUCT_BUNDLE_IDENTIFIER = nyc.accessLite.BYT;
				PRODUCT_NAME = "$(TARGET_NAME)";
				SWIFT_VERSION = 3.0;
			};
			name = Debug;
		};
		14CFEBFA1E3430C600BD46CF /* Release */ = {
			isa = XCBuildConfiguration;
			buildSettings = {
				ASSETCATALOG_COMPILER_APPICON_NAME = AppIcon;
				INFOPLIST_FILE = "$(SRCROOT)/BYT/Supporting Files/Info.plist";
				IPHONEOS_DEPLOYMENT_TARGET = 10.0;
				LD_RUNPATH_SEARCH_PATHS = "$(inherited) @executable_path/Frameworks";
				PRODUCT_BUNDLE_IDENTIFIER = nyc.accessLite.BYT;
				PRODUCT_NAME = "$(TARGET_NAME)";
				SWIFT_VERSION = 3.0;
			};
			name = Release;
		};
/* End XCBuildConfiguration section */

/* Begin XCConfigurationList section */
		14CFEBE11E3430C600BD46CF /* Build configuration list for PBXProject "BYT" */ = {
			isa = XCConfigurationList;
			buildConfigurations = (
				14CFEBF61E3430C600BD46CF /* Debug */,
				14CFEBF71E3430C600BD46CF /* Release */,
			);
			defaultConfigurationIsVisible = 0;
			defaultConfigurationName = Release;
		};
		14CFEBF81E3430C600BD46CF /* Build configuration list for PBXNativeTarget "BYT" */ = {
			isa = XCConfigurationList;
			buildConfigurations = (
				14CFEBF91E3430C600BD46CF /* Debug */,
				14CFEBFA1E3430C600BD46CF /* Release */,
			);
			defaultConfigurationIsVisible = 0;
			defaultConfigurationName = Release;
		};
/* End XCConfigurationList section */
	};
	rootObject = 14CFEBDE1E3430C600BD46CF /* Project object */;
}
