// !$*UTF8*$!
{
	archiveVersion = 1;
	classes = {
	};
	objectVersion = 46;
	objects = {

/* Begin PBXBuildFile section */
		1498A3011E3E55E4003A3E5C /* Version.swift in Sources */ = {isa = PBXBuildFile; fileRef = 1498A2FF1E3E55E4003A3E5C /* Version.swift */; };
		1498A3031E3E55F0003A3E5C /* ColorManager.swift in Sources */ = {isa = PBXBuildFile; fileRef = 1498A3021E3E55F0003A3E5C /* ColorManager.swift */; };
		1498A3061E3E5602003A3E5C /* FoaasSettingsMenuView.swift in Sources */ = {isa = PBXBuildFile; fileRef = 1498A3041E3E5602003A3E5C /* FoaasSettingsMenuView.swift */; };
		1498A3071E3E5602003A3E5C /* FoaasSettingsMenuView.xib in Resources */ = {isa = PBXBuildFile; fileRef = 1498A3051E3E5602003A3E5C /* FoaasSettingsMenuView.xib */; };
		14CFEBF41E3430C600BD46CF /* LaunchScreen.storyboard in Resources */ = {isa = PBXBuildFile; fileRef = 14CFEBF21E3430C600BD46CF /* LaunchScreen.storyboard */; };
		14CFEBFF1E3431F700BD46CF /* AppDelegate.swift in Sources */ = {isa = PBXBuildFile; fileRef = 14CFEBFC1E3431F700BD46CF /* AppDelegate.swift */; };
		14CFEC001E3431F700BD46CF /* Assets.xcassets in Resources */ = {isa = PBXBuildFile; fileRef = 14CFEBFD1E3431F700BD46CF /* Assets.xcassets */; };
		14CFEC0A1E34346F00BD46CF /* FoaasProtocols.swift in Sources */ = {isa = PBXBuildFile; fileRef = 14CFEC091E34346F00BD46CF /* FoaasProtocols.swift */; };
		14CFEC0E1E3435BE00BD46CF /* FoaasBuilder.swift in Sources */ = {isa = PBXBuildFile; fileRef = 14CFEC0D1E3435BE00BD46CF /* FoaasBuilder.swift */; };
		14CFEC131E34363300BD46CF /* Foaas.swift in Sources */ = {isa = PBXBuildFile; fileRef = 14CFEC0F1E34363300BD46CF /* Foaas.swift */; };
		14CFEC141E34363300BD46CF /* FoaasField.swift in Sources */ = {isa = PBXBuildFile; fileRef = 14CFEC101E34363300BD46CF /* FoaasField.swift */; };
		14CFEC151E34363300BD46CF /* FoaasOperation.swift in Sources */ = {isa = PBXBuildFile; fileRef = 14CFEC111E34363300BD46CF /* FoaasOperation.swift */; };
		14CFEC161E34363300BD46CF /* FoaasTemplate.swift in Sources */ = {isa = PBXBuildFile; fileRef = 14CFEC121E34363300BD46CF /* FoaasTemplate.swift */; };
		14CFEC191E34394D00BD46CF /* FoaasAPIManager.swift in Sources */ = {isa = PBXBuildFile; fileRef = 14CFEC171E34394D00BD46CF /* FoaasAPIManager.swift */; };
		14CFEC1A1E34394D00BD46CF /* FoaasDataManager.swift in Sources */ = {isa = PBXBuildFile; fileRef = 14CFEC181E34394D00BD46CF /* FoaasDataManager.swift */; };
		14CFEC401E3705AC00BD46CF /* FoaasViewController.swift in Sources */ = {isa = PBXBuildFile; fileRef = 14CFEC3F1E3705AC00BD46CF /* FoaasViewController.swift */; };
		14CFEC421E3705E800BD46CF /* FoaasView.swift in Sources */ = {isa = PBXBuildFile; fileRef = 14CFEC411E3705E800BD46CF /* FoaasView.swift */; };
		14CFEC441E3707C600BD46CF /* FoaasOperationsTableViewController.swift in Sources */ = {isa = PBXBuildFile; fileRef = 14CFEC431E3707C600BD46CF /* FoaasOperationsTableViewController.swift */; };
		14CFEC461E37083400BD46CF /* FoaasOperationTableViewCell.swift in Sources */ = {isa = PBXBuildFile; fileRef = 14CFEC451E37083400BD46CF /* FoaasOperationTableViewCell.swift */; };
		14CFEC481E37088A00BD46CF /* FoaasPreviewViewController.swift in Sources */ = {isa = PBXBuildFile; fileRef = 14CFEC471E37088A00BD46CF /* FoaasPreviewViewController.swift */; };
		14CFEC4A1E3708C300BD46CF /* FoaasTextField.swift in Sources */ = {isa = PBXBuildFile; fileRef = 14CFEC491E3708C300BD46CF /* FoaasTextField.swift */; };
		14CFEC4C1E3709A700BD46CF /* FoaasNavigationController.swift in Sources */ = {isa = PBXBuildFile; fileRef = 14CFEC4B1E3709A700BD46CF /* FoaasNavigationController.swift */; };
		14CFEC4E1E37E86700BD46CF /* FoaasPreviewView.swift in Sources */ = {isa = PBXBuildFile; fileRef = 14CFEC4D1E37E86700BD46CF /* FoaasPreviewView.swift */; };
		DE6658F71E3E805500513850 /* Extension + UIColor.swift in Sources */ = {isa = PBXBuildFile; fileRef = DE6658F61E3E805500513850 /* Extension + UIColor.swift */; };
		DE6658F91E3E884800513850 /* ColorScheme.swift in Sources */ = {isa = PBXBuildFile; fileRef = DE6658F81E3E884800513850 /* ColorScheme.swift */; };
/* End PBXBuildFile section */

/* Begin PBXFileReference section */
		1498A2FF1E3E55E4003A3E5C /* Version.swift */ = {isa = PBXFileReference; fileEncoding = 4; lastKnownFileType = sourcecode.swift; name = Version.swift; path = Models/Version.swift; sourceTree = "<group>"; };
		1498A3021E3E55F0003A3E5C /* ColorManager.swift */ = {isa = PBXFileReference; fileEncoding = 4; lastKnownFileType = sourcecode.swift; name = ColorManager.swift; path = Managers/ColorManager.swift; sourceTree = "<group>"; };
		1498A3041E3E5602003A3E5C /* FoaasSettingsMenuView.swift */ = {isa = PBXFileReference; fileEncoding = 4; lastKnownFileType = sourcecode.swift; name = FoaasSettingsMenuView.swift; path = Views/FoaasSettingsMenuView.swift; sourceTree = "<group>"; };
		1498A3051E3E5602003A3E5C /* FoaasSettingsMenuView.xib */ = {isa = PBXFileReference; fileEncoding = 4; lastKnownFileType = file.xib; name = FoaasSettingsMenuView.xib; path = Views/FoaasSettingsMenuView.xib; sourceTree = "<group>"; };
		14CFEBE61E3430C600BD46CF /* BYT.app */ = {isa = PBXFileReference; explicitFileType = wrapper.application; includeInIndex = 0; path = BYT.app; sourceTree = BUILT_PRODUCTS_DIR; };
		14CFEBF31E3430C600BD46CF /* Base */ = {isa = PBXFileReference; lastKnownFileType = file.storyboard; name = Base; path = Base.lproj/LaunchScreen.storyboard; sourceTree = "<group>"; };
		14CFEBFC1E3431F700BD46CF /* AppDelegate.swift */ = {isa = PBXFileReference; fileEncoding = 4; lastKnownFileType = sourcecode.swift; name = AppDelegate.swift; path = "Supporting Files/AppDelegate.swift"; sourceTree = "<group>"; };
		14CFEBFD1E3431F700BD46CF /* Assets.xcassets */ = {isa = PBXFileReference; lastKnownFileType = folder.assetcatalog; name = Assets.xcassets; path = "Supporting Files/Assets.xcassets"; sourceTree = "<group>"; };
		14CFEBFE1E3431F700BD46CF /* Info.plist */ = {isa = PBXFileReference; fileEncoding = 4; lastKnownFileType = text.plist.xml; name = Info.plist; path = "Supporting Files/Info.plist"; sourceTree = "<group>"; };
		14CFEC091E34346F00BD46CF /* FoaasProtocols.swift */ = {isa = PBXFileReference; fileEncoding = 4; lastKnownFileType = sourcecode.swift; name = FoaasProtocols.swift; path = Utility/FoaasProtocols.swift; sourceTree = "<group>"; };
		14CFEC0D1E3435BE00BD46CF /* FoaasBuilder.swift */ = {isa = PBXFileReference; fileEncoding = 4; lastKnownFileType = sourcecode.swift; name = FoaasBuilder.swift; path = Utility/FoaasBuilder.swift; sourceTree = "<group>"; };
		14CFEC0F1E34363300BD46CF /* Foaas.swift */ = {isa = PBXFileReference; fileEncoding = 4; lastKnownFileType = sourcecode.swift; name = Foaas.swift; path = Models/Foaas.swift; sourceTree = "<group>"; };
		14CFEC101E34363300BD46CF /* FoaasField.swift */ = {isa = PBXFileReference; fileEncoding = 4; lastKnownFileType = sourcecode.swift; name = FoaasField.swift; path = Models/FoaasField.swift; sourceTree = "<group>"; };
		14CFEC111E34363300BD46CF /* FoaasOperation.swift */ = {isa = PBXFileReference; fileEncoding = 4; lastKnownFileType = sourcecode.swift; name = FoaasOperation.swift; path = Models/FoaasOperation.swift; sourceTree = "<group>"; };
		14CFEC121E34363300BD46CF /* FoaasTemplate.swift */ = {isa = PBXFileReference; fileEncoding = 4; lastKnownFileType = sourcecode.swift; name = FoaasTemplate.swift; path = Models/FoaasTemplate.swift; sourceTree = "<group>"; };
		14CFEC171E34394D00BD46CF /* FoaasAPIManager.swift */ = {isa = PBXFileReference; fileEncoding = 4; lastKnownFileType = sourcecode.swift; name = FoaasAPIManager.swift; path = Managers/FoaasAPIManager.swift; sourceTree = "<group>"; };
		14CFEC181E34394D00BD46CF /* FoaasDataManager.swift */ = {isa = PBXFileReference; fileEncoding = 4; lastKnownFileType = sourcecode.swift; name = FoaasDataManager.swift; path = Managers/FoaasDataManager.swift; sourceTree = "<group>"; };
		14CFEC3F1E3705AC00BD46CF /* FoaasViewController.swift */ = {isa = PBXFileReference; fileEncoding = 4; lastKnownFileType = sourcecode.swift; name = FoaasViewController.swift; path = "View Controllers/FoaasViewController.swift"; sourceTree = "<group>"; };
		14CFEC411E3705E800BD46CF /* FoaasView.swift */ = {isa = PBXFileReference; fileEncoding = 4; lastKnownFileType = sourcecode.swift; name = FoaasView.swift; path = Views/FoaasView.swift; sourceTree = "<group>"; };
		14CFEC431E3707C600BD46CF /* FoaasOperationsTableViewController.swift */ = {isa = PBXFileReference; fileEncoding = 4; lastKnownFileType = sourcecode.swift; name = FoaasOperationsTableViewController.swift; path = "View Controllers/FoaasOperationsTableViewController.swift"; sourceTree = "<group>"; };
		14CFEC451E37083400BD46CF /* FoaasOperationTableViewCell.swift */ = {isa = PBXFileReference; fileEncoding = 4; lastKnownFileType = sourcecode.swift; name = FoaasOperationTableViewCell.swift; path = Views/FoaasOperationTableViewCell.swift; sourceTree = "<group>"; };
		14CFEC471E37088A00BD46CF /* FoaasPreviewViewController.swift */ = {isa = PBXFileReference; fileEncoding = 4; lastKnownFileType = sourcecode.swift; name = FoaasPreviewViewController.swift; path = "View Controllers/FoaasPreviewViewController.swift"; sourceTree = "<group>"; };
		14CFEC491E3708C300BD46CF /* FoaasTextField.swift */ = {isa = PBXFileReference; fileEncoding = 4; lastKnownFileType = sourcecode.swift; name = FoaasTextField.swift; path = Views/FoaasTextField.swift; sourceTree = "<group>"; };
		14CFEC4B1E3709A700BD46CF /* FoaasNavigationController.swift */ = {isa = PBXFileReference; fileEncoding = 4; lastKnownFileType = sourcecode.swift; name = FoaasNavigationController.swift; path = "View Controllers/FoaasNavigationController.swift"; sourceTree = "<group>"; };
		14CFEC4D1E37E86700BD46CF /* FoaasPreviewView.swift */ = {isa = PBXFileReference; fileEncoding = 4; lastKnownFileType = sourcecode.swift; name = FoaasPreviewView.swift; path = Views/FoaasPreviewView.swift; sourceTree = "<group>"; };
		DE6658F61E3E805500513850 /* Extension + UIColor.swift */ = {isa = PBXFileReference; fileEncoding = 4; lastKnownFileType = sourcecode.swift; name = "Extension + UIColor.swift"; path = "Models/Extension + UIColor.swift"; sourceTree = "<group>"; };
		DE6658F81E3E884800513850 /* ColorScheme.swift */ = {isa = PBXFileReference; fileEncoding = 4; lastKnownFileType = sourcecode.swift; name = ColorScheme.swift; path = Models/ColorScheme.swift; sourceTree = "<group>"; };
/* End PBXFileReference section */

/* Begin PBXFrameworksBuildPhase section */
		14CFEBE31E3430C600BD46CF /* Frameworks */ = {
			isa = PBXFrameworksBuildPhase;
			buildActionMask = 2147483647;
			files = (
			);
			runOnlyForDeploymentPostprocessing = 0;
		};
/* End PBXFrameworksBuildPhase section */

/* Begin PBXGroup section */
		14CFEBDD1E3430C600BD46CF = {
			isa = PBXGroup;
			children = (
				14CFEBE81E3430C600BD46CF /* BYT */,
				14CFEBE71E3430C600BD46CF /* Products */,
			);
			sourceTree = "<group>";
		};
		14CFEBE71E3430C600BD46CF /* Products */ = {
			isa = PBXGroup;
			children = (
				14CFEBE61E3430C600BD46CF /* BYT.app */,
			);
			name = Products;
			sourceTree = "<group>";
		};
		14CFEBE81E3430C600BD46CF /* BYT */ = {
			isa = PBXGroup;
			children = (
				14CFEC041E3432C700BD46CF /* Managers */,
				14CFEC031E3432BF00BD46CF /* Models */,
				14CFEC061E3432E300BD46CF /* Utility */,
				14CFEC021E3432B000BD46CF /* Views */,
				14CFEC051E3432D100BD46CF /* View Controllers */,
				14CFEBFB1E34311000BD46CF /* Supporting Files */,
			);
			path = BYT;
			sourceTree = "<group>";
		};
		14CFEBFB1E34311000BD46CF /* Supporting Files */ = {
			isa = PBXGroup;
			children = (
				14CFEBFC1E3431F700BD46CF /* AppDelegate.swift */,
				14CFEBFD1E3431F700BD46CF /* Assets.xcassets */,
				14CFEBFE1E3431F700BD46CF /* Info.plist */,
				14CFEBF21E3430C600BD46CF /* LaunchScreen.storyboard */,
			);
			name = "Supporting Files";
			sourceTree = "<group>";
		};
		14CFEC021E3432B000BD46CF /* Views */ = {
			isa = PBXGroup;
			children = (
				1498A3041E3E5602003A3E5C /* FoaasSettingsMenuView.swift */,
				1498A3051E3E5602003A3E5C /* FoaasSettingsMenuView.xib */,
				14CFEC411E3705E800BD46CF /* FoaasView.swift */,
				14CFEC451E37083400BD46CF /* FoaasOperationTableViewCell.swift */,
				14CFEC491E3708C300BD46CF /* FoaasTextField.swift */,
				14CFEC4D1E37E86700BD46CF /* FoaasPreviewView.swift */,
			);
			name = Views;
			sourceTree = "<group>";
		};
		14CFEC031E3432BF00BD46CF /* Models */ = {
			isa = PBXGroup;
			children = (
				DE6658F81E3E884800513850 /* ColorScheme.swift */,
				DE6658F61E3E805500513850 /* Extension + UIColor.swift */,
				1498A2FF1E3E55E4003A3E5C /* Version.swift */,
				14CFEC0F1E34363300BD46CF /* Foaas.swift */,
				14CFEC101E34363300BD46CF /* FoaasField.swift */,
				14CFEC111E34363300BD46CF /* FoaasOperation.swift */,
				14CFEC121E34363300BD46CF /* FoaasTemplate.swift */,
			);
			name = Models;
			sourceTree = "<group>";
		};
		14CFEC041E3432C700BD46CF /* Managers */ = {
			isa = PBXGroup;
			children = (
				1498A3021E3E55F0003A3E5C /* ColorManager.swift */,
				14CFEC171E34394D00BD46CF /* FoaasAPIManager.swift */,
				14CFEC181E34394D00BD46CF /* FoaasDataManager.swift */,
			);
			name = Managers;
			sourceTree = "<group>";
		};
		14CFEC051E3432D100BD46CF /* View Controllers */ = {
			isa = PBXGroup;
			children = (
				14CFEC3F1E3705AC00BD46CF /* FoaasViewController.swift */,
				14CFEC431E3707C600BD46CF /* FoaasOperationsTableViewController.swift */,
				14CFEC471E37088A00BD46CF /* FoaasPreviewViewController.swift */,
				14CFEC4B1E3709A700BD46CF /* FoaasNavigationController.swift */,
			);
			name = "View Controllers";
			sourceTree = "<group>";
		};
		14CFEC061E3432E300BD46CF /* Utility */ = {
			isa = PBXGroup;
			children = (
				14CFEC0D1E3435BE00BD46CF /* FoaasBuilder.swift */,
				14CFEC091E34346F00BD46CF /* FoaasProtocols.swift */,
			);
			name = Utility;
			sourceTree = "<group>";
		};
/* End PBXGroup section */

/* Begin PBXNativeTarget section */
		14CFEBE51E3430C600BD46CF /* BYT */ = {
			isa = PBXNativeTarget;
			buildConfigurationList = 14CFEBF81E3430C600BD46CF /* Build configuration list for PBXNativeTarget "BYT" */;
			buildPhases = (
				14CFEBE21E3430C600BD46CF /* Sources */,
				14CFEBE31E3430C600BD46CF /* Frameworks */,
				14CFEBE41E3430C600BD46CF /* Resources */,
			);
			buildRules = (
			);
			dependencies = (
			);
			name = BYT;
			productName = BYT;
			productReference = 14CFEBE61E3430C600BD46CF /* BYT.app */;
			productType = "com.apple.product-type.application";
		};
/* End PBXNativeTarget section */

/* Begin PBXProject section */
		14CFEBDE1E3430C600BD46CF /* Project object */ = {
			isa = PBXProject;
			attributes = {
				LastSwiftUpdateCheck = 0820;
				LastUpgradeCheck = 0820;
				ORGANIZATIONNAME = AccessLite;
				TargetAttributes = {
					14CFEBE51E3430C600BD46CF = {
						CreatedOnToolsVersion = 8.2.1;
						ProvisioningStyle = Automatic;
					};
				};
			};
			buildConfigurationList = 14CFEBE11E3430C600BD46CF /* Build configuration list for PBXProject "BYT" */;
			compatibilityVersion = "Xcode 3.2";
			developmentRegion = English;
			hasScannedForEncodings = 0;
			knownRegions = (
				en,
				Base,
			);
			mainGroup = 14CFEBDD1E3430C600BD46CF;
			productRefGroup = 14CFEBE71E3430C600BD46CF /* Products */;
			projectDirPath = "";
			projectRoot = "";
			targets = (
				14CFEBE51E3430C600BD46CF /* BYT */,
			);
		};
/* End PBXProject section */

/* Begin PBXResourcesBuildPhase section */
		14CFEBE41E3430C600BD46CF /* Resources */ = {
			isa = PBXResourcesBuildPhase;
			buildActionMask = 2147483647;
			files = (
				14CFEBF41E3430C600BD46CF /* LaunchScreen.storyboard in Resources */,
				1498A3071E3E5602003A3E5C /* FoaasSettingsMenuView.xib in Resources */,
				14CFEC001E3431F700BD46CF /* Assets.xcassets in Resources */,
			);
			runOnlyForDeploymentPostprocessing = 0;
		};
/* End PBXResourcesBuildPhase section */

/* Begin PBXSourcesBuildPhase section */
		14CFEBE21E3430C600BD46CF /* Sources */ = {
			isa = PBXSourcesBuildPhase;
			buildActionMask = 2147483647;
			files = (
				14CFEC151E34363300BD46CF /* FoaasOperation.swift in Sources */,
				14CFEC421E3705E800BD46CF /* FoaasView.swift in Sources */,
				14CFEC461E37083400BD46CF /* FoaasOperationTableViewCell.swift in Sources */,
				14CFEC161E34363300BD46CF /* FoaasTemplate.swift in Sources */,
				14CFEC1A1E34394D00BD46CF /* FoaasDataManager.swift in Sources */,
				DE6658F71E3E805500513850 /* Extension + UIColor.swift in Sources */,
				1498A3011E3E55E4003A3E5C /* Version.swift in Sources */,
				14CFEC131E34363300BD46CF /* Foaas.swift in Sources */,
				14CFEC141E34363300BD46CF /* FoaasField.swift in Sources */,
				14CFEC0E1E3435BE00BD46CF /* FoaasBuilder.swift in Sources */,
				14CFEC4C1E3709A700BD46CF /* FoaasNavigationController.swift in Sources */,
				14CFEC0A1E34346F00BD46CF /* FoaasProtocols.swift in Sources */,
				DE6658F91E3E884800513850 /* ColorScheme.swift in Sources */,
				14CFEC441E3707C600BD46CF /* FoaasOperationsTableViewController.swift in Sources */,
				1498A3031E3E55F0003A3E5C /* ColorManager.swift in Sources */,
				14CFEC401E3705AC00BD46CF /* FoaasViewController.swift in Sources */,
				14CFEC4A1E3708C300BD46CF /* FoaasTextField.swift in Sources */,
				1498A3061E3E5602003A3E5C /* FoaasSettingsMenuView.swift in Sources */,
				14CFEBFF1E3431F700BD46CF /* AppDelegate.swift in Sources */,
				14CFEC481E37088A00BD46CF /* FoaasPreviewViewController.swift in Sources */,
				14CFEC4E1E37E86700BD46CF /* FoaasPreviewView.swift in Sources */,
				14CFEC191E34394D00BD46CF /* FoaasAPIManager.swift in Sources */,
			);
			runOnlyForDeploymentPostprocessing = 0;
		};
/* End PBXSourcesBuildPhase section */

/* Begin PBXVariantGroup section */
		14CFEBF21E3430C600BD46CF /* LaunchScreen.storyboard */ = {
			isa = PBXVariantGroup;
			children = (
				14CFEBF31E3430C600BD46CF /* Base */,
			);
			name = LaunchScreen.storyboard;
			sourceTree = "<group>";
		};
/* End PBXVariantGroup section */

/* Begin XCBuildConfiguration section */
		14CFEBF61E3430C600BD46CF /* Debug */ = {
			isa = XCBuildConfiguration;
			buildSettings = {
				ALWAYS_SEARCH_USER_PATHS = NO;
				CLANG_ANALYZER_NONNULL = YES;
				CLANG_CXX_LANGUAGE_STANDARD = "gnu++0x";
				CLANG_CXX_LIBRARY = "libc++";
				CLANG_ENABLE_MODULES = YES;
				CLANG_ENABLE_OBJC_ARC = YES;
				CLANG_WARN_BOOL_CONVERSION = YES;
				CLANG_WARN_CONSTANT_CONVERSION = YES;
				CLANG_WARN_DIRECT_OBJC_ISA_USAGE = YES_ERROR;
				CLANG_WARN_DOCUMENTATION_COMMENTS = YES;
				CLANG_WARN_EMPTY_BODY = YES;
				CLANG_WARN_ENUM_CONVERSION = YES;
				CLANG_WARN_INFINITE_RECURSION = YES;
				CLANG_WARN_INT_CONVERSION = YES;
				CLANG_WARN_OBJC_ROOT_CLASS = YES_ERROR;
				CLANG_WARN_SUSPICIOUS_MOVE = YES;
				CLANG_WARN_UNREACHABLE_CODE = YES;
				CLANG_WARN__DUPLICATE_METHOD_MATCH = YES;
				"CODE_SIGN_IDENTITY[sdk=iphoneos*]" = "iPhone Developer";
				COPY_PHASE_STRIP = NO;
				DEBUG_INFORMATION_FORMAT = dwarf;
				ENABLE_STRICT_OBJC_MSGSEND = YES;
				ENABLE_TESTABILITY = YES;
				GCC_C_LANGUAGE_STANDARD = gnu99;
				GCC_DYNAMIC_NO_PIC = NO;
				GCC_NO_COMMON_BLOCKS = YES;
				GCC_OPTIMIZATION_LEVEL = 0;
				GCC_PREPROCESSOR_DEFINITIONS = (
					"DEBUG=1",
					"$(inherited)",
				);
				GCC_WARN_64_TO_32_BIT_CONVERSION = YES;
				GCC_WARN_ABOUT_RETURN_TYPE = YES_ERROR;
				GCC_WARN_UNDECLARED_SELECTOR = YES;
				GCC_WARN_UNINITIALIZED_AUTOS = YES_AGGRESSIVE;
				GCC_WARN_UNUSED_FUNCTION = YES;
				GCC_WARN_UNUSED_VARIABLE = YES;
				IPHONEOS_DEPLOYMENT_TARGET = 10.0;
				MTL_ENABLE_DEBUG_INFO = YES;
				ONLY_ACTIVE_ARCH = YES;
				SDKROOT = iphoneos;
				SWIFT_ACTIVE_COMPILATION_CONDITIONS = DEBUG;
				SWIFT_OPTIMIZATION_LEVEL = "-Onone";
			};
			name = Debug;
		};
		14CFEBF71E3430C600BD46CF /* Release */ = {
			isa = XCBuildConfiguration;
			buildSettings = {
				ALWAYS_SEARCH_USER_PATHS = NO;
				CLANG_ANALYZER_NONNULL = YES;
				CLANG_CXX_LANGUAGE_STANDARD = "gnu++0x";
				CLANG_CXX_LIBRARY = "libc++";
				CLANG_ENABLE_MODULES = YES;
				CLANG_ENABLE_OBJC_ARC = YES;
				CLANG_WARN_BOOL_CONVERSION = YES;
				CLANG_WARN_CONSTANT_CONVERSION = YES;
				CLANG_WARN_DIRECT_OBJC_ISA_USAGE = YES_ERROR;
				CLANG_WARN_DOCUMENTATION_COMMENTS = YES;
				CLANG_WARN_EMPTY_BODY = YES;
				CLANG_WARN_ENUM_CONVERSION = YES;
				CLANG_WARN_INFINITE_RECURSION = YES;
				CLANG_WARN_INT_CONVERSION = YES;
				CLANG_WARN_OBJC_ROOT_CLASS = YES_ERROR;
				CLANG_WARN_SUSPICIOUS_MOVE = YES;
				CLANG_WARN_UNREACHABLE_CODE = YES;
				CLANG_WARN__DUPLICATE_METHOD_MATCH = YES;
				"CODE_SIGN_IDENTITY[sdk=iphoneos*]" = "iPhone Developer";
				COPY_PHASE_STRIP = NO;
				DEBUG_INFORMATION_FORMAT = "dwarf-with-dsym";
				ENABLE_NS_ASSERTIONS = NO;
				ENABLE_STRICT_OBJC_MSGSEND = YES;
				GCC_C_LANGUAGE_STANDARD = gnu99;
				GCC_NO_COMMON_BLOCKS = YES;
				GCC_WARN_64_TO_32_BIT_CONVERSION = YES;
				GCC_WARN_ABOUT_RETURN_TYPE = YES_ERROR;
				GCC_WARN_UNDECLARED_SELECTOR = YES;
				GCC_WARN_UNINITIALIZED_AUTOS = YES_AGGRESSIVE;
				GCC_WARN_UNUSED_FUNCTION = YES;
				GCC_WARN_UNUSED_VARIABLE = YES;
				IPHONEOS_DEPLOYMENT_TARGET = 10.0;
				MTL_ENABLE_DEBUG_INFO = NO;
				SDKROOT = iphoneos;
				SWIFT_OPTIMIZATION_LEVEL = "-Owholemodule";
				VALIDATE_PRODUCT = YES;
			};
			name = Release;
		};
		14CFEBF91E3430C600BD46CF /* Debug */ = {
			isa = XCBuildConfiguration;
			buildSettings = {
				ASSETCATALOG_COMPILER_APPICON_NAME = AppIcon;
				"CODE_SIGN_IDENTITY[sdk=iphoneos*]" = "iPhone Developer";
				DEVELOPMENT_TEAM = "";
				INFOPLIST_FILE = "$(SRCROOT)/BYT/Supporting Files/Info.plist";
				IPHONEOS_DEPLOYMENT_TARGET = 10.0;
				LD_RUNPATH_SEARCH_PATHS = "$(inherited) @executable_path/Frameworks";
				PRODUCT_BUNDLE_IDENTIFIER = nyc.accessLite.BYT;
				PRODUCT_NAME = "$(TARGET_NAME)";
				SWIFT_VERSION = 3.0;
			};
			name = Debug;
		};
		14CFEBFA1E3430C600BD46CF /* Release */ = {
			isa = XCBuildConfiguration;
			buildSettings = {
				ASSETCATALOG_COMPILER_APPICON_NAME = AppIcon;
				"CODE_SIGN_IDENTITY[sdk=iphoneos*]" = "iPhone Developer";
				DEVELOPMENT_TEAM = "";
				INFOPLIST_FILE = "$(SRCROOT)/BYT/Supporting Files/Info.plist";
				IPHONEOS_DEPLOYMENT_TARGET = 10.0;
				LD_RUNPATH_SEARCH_PATHS = "$(inherited) @executable_path/Frameworks";
				PRODUCT_BUNDLE_IDENTIFIER = nyc.accessLite.BYT;
				PRODUCT_NAME = "$(TARGET_NAME)";
				SWIFT_VERSION = 3.0;
			};
			name = Release;
		};
/* End XCBuildConfiguration section */

/* Begin XCConfigurationList section */
		14CFEBE11E3430C600BD46CF /* Build configuration list for PBXProject "BYT" */ = {
			isa = XCConfigurationList;
			buildConfigurations = (
				14CFEBF61E3430C600BD46CF /* Debug */,
				14CFEBF71E3430C600BD46CF /* Release */,
			);
			defaultConfigurationIsVisible = 0;
			defaultConfigurationName = Release;
		};
		14CFEBF81E3430C600BD46CF /* Build configuration list for PBXNativeTarget "BYT" */ = {
			isa = XCConfigurationList;
			buildConfigurations = (
				14CFEBF91E3430C600BD46CF /* Debug */,
				14CFEBFA1E3430C600BD46CF /* Release */,
			);
			defaultConfigurationIsVisible = 0;
			defaultConfigurationName = Release;
		};
/* End XCConfigurationList section */
	};
	rootObject = 14CFEBDE1E3430C600BD46CF /* Project object */;
}
